
Microsoft Visual Studio Solution File, Format Version 12.00
# Visual Studio Version 16
VisualStudioVersion = 16.0.30611.23
MinimumVisualStudioVersion = 10.0.40219.1
Project("{FAE04EC0-301F-11D3-BF4B-00C04F79EFBC}") = "AzureStorageSaveAndSecure", "AzureStorageSaveAndSecure\AzureStorageSaveAndSecure.csproj", "{A492F938-ED37-49E8-B297-20933FE9D676}"
EndProject
Global
	GlobalSection(SolutionConfigurationPlatforms) = preSolution
		Debug|Any CPU = Debug|Any CPU
		Release|Any CPU = Release|Any CPU
	EndGlobalSection
	GlobalSection(ProjectConfigurationPlatforms) = postSolution
		{A492F938-ED37-49E8-B297-20933FE9D676}.Debug|Any CPU.ActiveCfg = Debug|Any CPU
		{A492F938-ED37-49E8-B297-20933FE9D676}.Debug|Any CPU.Build.0 = Debug|Any CPU
		{A492F938-ED37-49E8-B297-20933FE9D676}.Release|Any CPU.ActiveCfg = Release|Any CPU
		{A492F938-ED37-49E8-B297-20933FE9D676}.Release|Any CPU.Build.0 = Release|Any CPU
	EndGlobalSection
	GlobalSection(SolutionProperties) = preSolution
		HideSolutionNode = FALSE
	EndGlobalSection
	GlobalSection(ExtensibilityGlobals) = postSolution
		SolutionGuid = {FFBD80EE-0CB9-41BE-9890-18BAF5B8616C}
	EndGlobalSection
EndGlobal
